{
  "name": "aire-guardianes-app",
  "version": "1.0.0",
  "lockfileVersion": 3,
  "packages": {
    "": {
      "name": "aire-guardianes-app",
      "version": "1.0.0",
        "dependencies": {
          "uuid": "9.0.1",
          "phone": "14.7.77"
        }
      }
    },
    "dependencies": {
      "uuid": {
        "version": "9.0.1"
      },
      "phone": {
        "version": "14.7.77"
      }
    }
  }
